
Microsoft Visual Studio Solution File, Format Version 12.00
# Visual Studio Version 17
VisualStudioVersion = 17.11.35312.102
MinimumVisualStudioVersion = 10.0.40219.1
Project("{FAE04EC0-301F-11D3-BF4B-00C04F79EFBC}") = "TFP_SensorDataServer", "TFP_SensorDataServer\TFP_SensorDataServer.csproj", "{547B70F7-F94B-4F38-8ADF-D5F41E43A686}"
EndProject
Global
	GlobalSection(SolutionConfigurationPlatforms) = preSolution
		Debug|Any CPU = Debug|Any CPU
		Release|Any CPU = Release|Any CPU
	EndGlobalSection
	GlobalSection(ProjectConfigurationPlatforms) = postSolution
		{547B70F7-F94B-4F38-8ADF-D5F41E43A686}.Debug|Any CPU.ActiveCfg = Debug|Any CPU
		{547B70F7-F94B-4F38-8ADF-D5F41E43A686}.Debug|Any CPU.Build.0 = Debug|Any CPU
		{547B70F7-F94B-4F38-8ADF-D5F41E43A686}.Release|Any CPU.ActiveCfg = Release|Any CPU
		{547B70F7-F94B-4F38-8ADF-D5F41E43A686}.Release|Any CPU.Build.0 = Release|Any CPU
	EndGlobalSection
	GlobalSection(SolutionProperties) = preSolution
		HideSolutionNode = FALSE
	EndGlobalSection
	GlobalSection(ExtensibilityGlobals) = postSolution
		SolutionGuid = {DFBFBAEB-BB02-4918-9D52-804E2CEFAE12}
	EndGlobalSection
EndGlobal
